<?xml version="1.0" encoding="utf-8"?>
<Project ToolsVersion="4.0" xmlns="http://schemas.microsoft.com/developer/msbuild/2003">
  <ItemGroup>
    <Filter Include="Source Files">
      <UniqueIdentifier>{4FC737F1-C7A5-4376-A066-2A32D752A2FF}</UniqueIdentifier>
      <Extensions>cpp;c;cc;cxx;def;odl;idl;hpj;bat;asm;asmx</Extensions>
    </Filter>
    <Filter Include="Header Files">
      <UniqueIdentifier>{93995380-89BD-4b04-88EB-625FBE52EBFB}</UniqueIdentifier>
      <Extensions>h;hh;hpp;hxx;hm;inl;inc;ipp;xsd</Extensions>
    </Filter>
    <Filter Include="Header Files\HDE">
      <UniqueIdentifier>{215f78b0-0b8e-4b12-96f0-11e2e3031b77}</UniqueIdentifier>
    </Filter>
    <Filter Include="Header Files\DXGIProxy">
      <UniqueIdentifier>{cf5d8f55-0c65-4527-ba47-1daedb844c69}</UniqueIdentifier>
    </Filter>
    <Filter Include="Header Files\MinHook">
      <UniqueIdentifier>{abac8adc-f457-448a-9f3a-1c64ae96ecd3}</UniqueIdentifier>
    </Filter>
    <Filter Include="Header Files\Other">
      <UniqueIdentifier>{47b87b79-d37e-43c8-99cb-cd0d002d3823}</UniqueIdentifier>
    </Filter>
    <Filter Include="Source Files\DXGIProxy">
      <UniqueIdentifier>{c9bbe053-785a-4e0d-bef7-871981b9d70f}</UniqueIdentifier>
    </Filter>
    <Filter Include="Source Files\MinHook">
      <UniqueIdentifier>{81c1c29f-a9ee-484c-859a-d937aba8b620}</UniqueIdentifier>
    </Filter>
    <Filter Include="Source Files\Parsing">
      <UniqueIdentifier>{1b386a39-84a2-432a-875a-8774844eea8f}</UniqueIdentifier>
    </Filter>
    <Filter Include="Header Files\Parsing">
      <UniqueIdentifier>{8a0a374e-4be9-4787-92a0-a815e9d06b04}</UniqueIdentifier>
    </Filter>
    <Filter Include="Header Files\Debugger">
      <UniqueIdentifier>{b328a0ec-cb16-415d-a8fa-b79e8198615b}</UniqueIdentifier>
    </Filter>
    <Filter Include="Source Files\Debugger">
      <UniqueIdentifier>{a4b9cdc2-0049-4967-a215-659c47fc02fa}</UniqueIdentifier>
    </Filter>
    <Filter Include="Header Files\Threads">
      <UniqueIdentifier>{594e0f59-7513-4e03-9f39-6894091aa853}</UniqueIdentifier>
    </Filter>
    <Filter Include="Source Files\Threads">
      <UniqueIdentifier>{b10a62ee-b889-4485-afb5-32e8b67b678d}</UniqueIdentifier>
    </Filter>
    <Filter Include="Header Files\Clock">
      <UniqueIdentifier>{9fc8f604-5e19-4f0e-af75-4d261b2ad78b}</UniqueIdentifier>
    </Filter>
    <Filter Include="Source Files\Clock">
      <UniqueIdentifier>{1bc30704-0dc2-40f9-817b-7b2ef5797db0}</UniqueIdentifier>
    </Filter>
  </ItemGroup>
  <ItemGroup>
    <ClInclude Include="MinHook\hde\hde32.h">
      <Filter>Header Files\HDE</Filter>
    </ClInclude>
    <ClInclude Include="MinHook\hde\hde64.h">
      <Filter>Header Files\HDE</Filter>
    </ClInclude>
    <ClInclude Include="MinHook\hde\table32.h">
      <Filter>Header Files\HDE</Filter>
    </ClInclude>
    <ClInclude Include="MinHook\hde\table64.h">
      <Filter>Header Files\HDE</Filter>
    </ClInclude>
    <ClInclude Include="DXGIProxy\proxy.h">
      <Filter>Header Files\DXGIProxy</Filter>
    </ClInclude>
    <ClInclude Include="MinHook\buffer.h">
      <Filter>Header Files\MinHook</Filter>
    </ClInclude>
    <ClInclude Include="MinHook\MinHook.h">
      <Filter>Header Files\MinHook</Filter>
    </ClInclude>
    <ClInclude Include="MinHook\hde\pstdint.h">
      <Filter>Header Files\MinHook</Filter>
    </ClInclude>
    <ClInclude Include="MinHook\trampoline.h">
      <Filter>Header Files\MinHook</Filter>
    </ClInclude>
    <ClInclude Include="Other\global.h">
      <Filter>Header Files\Other</Filter>
    </ClInclude>
    <ClInclude Include="Debugger\Debugger.h">
      <Filter>Source Files\Debugger</Filter>
    </ClInclude>
    <ClInclude Include="Threads\Threads.h">
      <Filter>Header Files\Threads</Filter>
    </ClInclude>
    <ClInclude Include="Parsing\parsing.h">
      <Filter>Header Files\Parsing</Filter>
    </ClInclude>
    <ClInclude Include="Clock\Clock.h">
      <Filter>Header Files\Clock</Filter>
    </ClInclude>
    <ClInclude Include="Clock_P.h">
      <Filter>Header Files\Clock</Filter>
    </ClInclude>
    <ClInclude Include="UMUClasses\FunctionHooks\LooseFileLoadingHooks.h" />
    <ClInclude Include="Tools\util.h" />
    <ClInclude Include="Tools\Pattern.h" />
  </ItemGroup>
  <ItemGroup>
    <ClCompile Include="dllmain.cpp">
      <Filter>Source Files</Filter>
    </ClCompile>
    <ClCompile Include="DXGIProxy\proxy.cpp">
      <Filter>Source Files\DXGIProxy</Filter>
    </ClCompile>
    <ClCompile Include="MinHook\hook.c">
      <Filter>Source Files\MinHook</Filter>
    </ClCompile>
    <ClCompile Include="MinHook\buffer.c">
      <Filter>Source Files\MinHook</Filter>
    </ClCompile>
    <ClCompile Include="MinHook\trampoline.c">
      <Filter>Source Files\MinHook</Filter>
    </ClCompile>
    <ClCompile Include="Other\global.cpp">
      <Filter>Source Files</Filter>
    </ClCompile>
    <ClCompile Include="Debugger\Debugger.cpp">
      <Filter>Header Files\Debugger</Filter>
    </ClCompile>
    <ClCompile Include="Threads\Threads.cpp">
      <Filter>Source Files\Threads</Filter>
    </ClCompile>
    <ClCompile Include="Parsing\parsing.cpp">
      <Filter>Source Files\Parsing</Filter>
    </ClCompile>
    <ClCompile Include="Clock\Clock.cpp">
      <Filter>Source Files\Clock</Filter>
    </ClCompile>
    <ClCompile Include="UMUClasses\SigScanner\SigScanners\SigScanner_LooseFileLoader.cpp" />
  </ItemGroup>
  <ItemGroup>
    <None Include="DXGIProxy\proxy.def">
      <Filter>Source Files\DXGIProxy</Filter>
    </None>
  </ItemGroup>
</Project>