<?xml version="1.0" encoding="utf-8"?>
<Project ToolsVersion="4.0" xmlns="http://schemas.microsoft.com/developer/msbuild/2003">
  <ItemGroup>
    <Filter Include="Proxy">
      <UniqueIdentifier>{ec8e68fc-ad0c-43c2-927f-345c64117665}</UniqueIdentifier>
    </Filter>
    <Filter Include="Debugger">
      <UniqueIdentifier>{c16b5d7f-54a7-404a-80e4-457d9ceb1193}</UniqueIdentifier>
    </Filter>
    <Filter Include="Parsing">
      <UniqueIdentifier>{250ae855-8ec5-457f-ae17-d0020e9b2357}</UniqueIdentifier>
    </Filter>
    <Filter Include="Clock">
      <UniqueIdentifier>{241d9fb6-4097-4971-bfad-18cf407a4d18}</UniqueIdentifier>
    </Filter>
    <Filter Include="Threads">
      <UniqueIdentifier>{ce57c7b0-2427-4b57-8182-ccd922330e65}</UniqueIdentifier>
    </Filter>
    <Filter Include="Deprecated">
      <UniqueIdentifier>{2939b5d3-8dd2-463b-8513-7c6151d1d7de}</UniqueIdentifier>
    </Filter>
  </ItemGroup>
  <ItemGroup>
    <ClCompile Include="Debugger\Debugger.cpp">
      <Filter>Debugger</Filter>
    </ClCompile>
    <ClCompile Include="Clock\Clock.cpp">
      <Filter>Clock</Filter>
    </ClCompile>
    <ClCompile Include="Parsing\parsing.cpp">
      <Filter>Parsing</Filter>
    </ClCompile>
    <ClCompile Include="Proxy\proxy.cpp">
      <Filter>Proxy</Filter>
    </ClCompile>
    <ClCompile Include="dllmain.cpp" />
    <ClCompile Include="global.cpp" />
    <ClCompile Include="Threads\Threads.cpp">
      <Filter>Threads</Filter>
    </ClCompile>
    <ClCompile Include="Deprecated.h">
      <Filter>Deprecated</Filter>
    </ClCompile>
  </ItemGroup>
  <ItemGroup>
    <ClInclude Include="Debugger\Debugger.h">
      <Filter>Debugger</Filter>
    </ClInclude>
    <ClInclude Include="Clock\Clock.h">
      <Filter>Clock</Filter>
    </ClInclude>
    <ClInclude Include="Clock\Clock_P.h">
      <Filter>Clock</Filter>
    </ClInclude>
    <ClInclude Include="Parsing\parsing.h">
      <Filter>Parsing</Filter>
    </ClInclude>
    <ClInclude Include="Proxy\proxy.h">
      <Filter>Proxy</Filter>
    </ClInclude>
    <ClInclude Include="global.h" />
    <ClInclude Include="Threads\Threads.h">
      <Filter>Threads</Filter>
    </ClInclude>
  </ItemGroup>
  <ItemGroup>
    <None Include="Proxy\proxy.def">
      <Filter>Proxy</Filter>
    </None>
  </ItemGroup>
</Project>